<Solution Description="Visual Studio slnx file generated by Premake" Version="1.4">
  <Configurations>
    <BuildType Name="Debug" />
    <BuildType Name="Release" />
    <Platform Name="x64" />
  </Configurations>
  <Project Path="GoogleTests\GoogleTests.vcxproj" Id="55AE7AA4-C163-F399-4A58-ED70B60CEA9D" DefaultStartup="true">
  </Project>
  <Project Path="MTL\MTL.vcxproj" Id="9205880B-FE0E-887C-878A-9E7CF392937C">
  </Project>
</Solution>